// !$*UTF8*$!
{
	archiveVersion = 1;
	classes = {
	};
	objectVersion = 50;
	objects = {

/* Begin PBXBuildFile section */
		A27DB43D213FD86700C285FA /* AppDelegate.swift in Sources */ = {isa = PBXBuildFile; fileRef = A27DB43C213FD86700C285FA /* AppDelegate.swift */; };
		A27DB43F213FD86700C285FA /* ViewController.swift in Sources */ = {isa = PBXBuildFile; fileRef = A27DB43E213FD86700C285FA /* ViewController.swift */; };
		A27DB442213FD86700C285FA /* Main.storyboard in Resources */ = {isa = PBXBuildFile; fileRef = A27DB440213FD86700C285FA /* Main.storyboard */; };
		A27DB444213FD86800C285FA /* Assets.xcassets in Resources */ = {isa = PBXBuildFile; fileRef = A27DB443213FD86800C285FA /* Assets.xcassets */; };
		A27DB447213FD86800C285FA /* LaunchScreen.storyboard in Resources */ = {isa = PBXBuildFile; fileRef = A27DB445213FD86800C285FA /* LaunchScreen.storyboard */; };
		A27DB44F213FD8B600C285FA /* Regression.mlmodel in Sources */ = {isa = PBXBuildFile; fileRef = A27DB44E213FD8B600C285FA /* Regression.mlmodel */; };
/* End PBXBuildFile section */

/* Begin PBXFileReference section */
		A27DB439213FD86700C285FA /* Regression.app */ = {isa = PBXFileReference; explicitFileType = wrapper.application; includeInIndex = 0; path = Regression.app; sourceTree = BUILT_PRODUCTS_DIR; };
		A27DB43C213FD86700C285FA /* AppDelegate.swift */ = {isa = PBXFileReference; lastKnownFileType = sourcecode.swift; path = AppDelegate.swift; sourceTree = "<group>"; };
		A27DB43E213FD86700C285FA /* ViewController.swift */ = {isa = PBXFileReference; lastKnownFileType = sourcecode.swift; path = ViewController.swift; sourceTree = "<group>"; };
		A27DB441213FD86700C285FA /* Base */ = {isa = PBXFileReference; lastKnownFileType = file.storyboard; name = Base; path = Base.lproj/Main.storyboard; sourceTree = "<group>"; };
		A27DB443213FD86800C285FA /* Assets.xcassets */ = {isa = PBXFileReference; lastKnownFileType = folder.assetcatalog; path = Assets.xcassets; sourceTree = "<group>"; };
		A27DB446213FD86800C285FA /* Base */ = {isa = PBXFileReference; lastKnownFileType = file.storyboard; name = Base; path = Base.lproj/LaunchScreen.storyboard; sourceTree = "<group>"; };
		A27DB448213FD86800C285FA /* Info.plist */ = {isa = PBXFileReference; lastKnownFileType = text.plist.xml; path = Info.plist; sourceTree = "<group>"; };
		A27DB44E213FD8B600C285FA /* Regression.mlmodel */ = {isa = PBXFileReference; lastKnownFileType = file.mlmodel; path = Regression.mlmodel; sourceTree = "<group>"; };
/* End PBXFileReference section */

/* Begin PBXFrameworksBuildPhase section */
		A27DB436213FD86700C285FA /* Frameworks */ = {
			isa = PBXFrameworksBuildPhase;
			buildActionMask = 2147483647;
			files = (
			);
			runOnlyForDeploymentPostprocessing = 0;
		};
/* End PBXFrameworksBuildPhase section */

/* Begin PBXGroup section */
		A27DB430213FD86700C285FA = {
			isa = PBXGroup;
			children = (
				A27DB43B213FD86700C285FA /* Regression */,
				A27DB43A213FD86700C285FA /* Products */,
			);
			sourceTree = "<group>";
		};
		A27DB43A213FD86700C285FA /* Products */ = {
			isa = PBXGroup;
			children = (
				A27DB439213FD86700C285FA /* Regression.app */,
			);
			name = Products;
			sourceTree = "<group>";
		};
		A27DB43B213FD86700C285FA /* Regression */ = {
			isa = PBXGroup;
			children = (
				A27DB43C213FD86700C285FA /* AppDelegate.swift */,
				A27DB43E213FD86700C285FA /* ViewController.swift */,
				A27DB440213FD86700C285FA /* Main.storyboard */,
				A27DB44E213FD8B600C285FA /* Regression.mlmodel */,
				A27DB443213FD86800C285FA /* Assets.xcassets */,
				A27DB445213FD86800C285FA /* LaunchScreen.storyboard */,
				A27DB448213FD86800C285FA /* Info.plist */,
			);
			path = Regression;
			sourceTree = "<group>";
		};
/* End PBXGroup section */

/* Begin PBXNativeTarget section */
		A27DB438213FD86700C285FA /* Regression */ = {
			isa = PBXNativeTarget;
			buildConfigurationList = A27DB44B213FD86800C285FA /* Build configuration list for PBXNativeTarget "Regression" */;
			buildPhases = (
				A27DB435213FD86700C285FA /* Sources */,
				A27DB436213FD86700C285FA /* Frameworks */,
				A27DB437213FD86700C285FA /* Resources */,
			);
			buildRules = (
			);
			dependencies = (
			);
			name = Regression;
			productName = Regression;
			productReference = A27DB439213FD86700C285FA /* Regression.app */;
			productType = "com.apple.product-type.application";
		};
/* End PBXNativeTarget section */

/* Begin PBXProject section */
		A27DB431213FD86700C285FA /* Project object */ = {
			isa = PBXProject;
			attributes = {
				LastSwiftUpdateCheck = 1000;
				LastUpgradeCheck = 1000;
				ORGANIZATIONNAME = npaka;
				TargetAttributes = {
					A27DB438213FD86700C285FA = {
						CreatedOnToolsVersion = 10.0;
					};
				};
			};
			buildConfigurationList = A27DB434213FD86700C285FA /* Build configuration list for PBXProject "Regression" */;
			compatibilityVersion = "Xcode 9.3";
			developmentRegion = en;
			hasScannedForEncodings = 0;
			knownRegions = (
				en,
				Base,
			);
			mainGroup = A27DB430213FD86700C285FA;
			productRefGroup = A27DB43A213FD86700C285FA /* Products */;
			projectDirPath = "";
			projectRoot = "";
			targets = (
				A27DB438213FD86700C285FA /* Regression */,
			);
		};
/* End PBXProject section */

/* Begin PBXResourcesBuildPhase section */
		A27DB437213FD86700C285FA /* Resources */ = {
			isa = PBXResourcesBuildPhase;
			buildActionMask = 2147483647;
			files = (
				A27DB447213FD86800C285FA /* LaunchScreen.storyboard in Resources */,
				A27DB444213FD86800C285FA /* Assets.xcassets in Resources */,
				A27DB442213FD86700C285FA /* Main.storyboard in Resources */,
			);
			runOnlyForDeploymentPostprocessing = 0;
		};
/* End PBXResourcesBuildPhase section */

/* Begin PBXSourcesBuildPhase section */
		A27DB435213FD86700C285FA /* Sources */ = {
			isa = PBXSourcesBuildPhase;
			buildActionMask = 2147483647;
			files = (
				A27DB43F213FD86700C285FA /* ViewController.swift in Sources */,
				A27DB44F213FD8B600C285FA /* Regression.mlmodel in Sources */,
				A27DB43D213FD86700C285FA /* AppDelegate.swift in Sources */,
			);
			runOnlyForDeploymentPostprocessing = 0;
		};
/* End PBXSourcesBuildPhase section */

/* Begin PBXVariantGroup section */
		A27DB440213FD86700C285FA /* Main.storyboard */ = {
			isa = PBXVariantGroup;
			children = (
				A27DB441213FD86700C285FA /* Base */,
			);
			name = Main.storyboard;
			sourceTree = "<group>";
		};
		A27DB445213FD86800C285FA /* LaunchScreen.storyboard */ = {
			isa = PBXVariantGroup;
			children = (
				A27DB446213FD86800C285FA /* Base */,
			);
			name = LaunchScreen.storyboard;
			sourceTree = "<group>";
		};
/* End PBXVariantGroup section */

/* Begin XCBuildConfiguration section */
		A27DB449213FD86800C285FA /* Debug */ = {
			isa = XCBuildConfiguration;
			buildSettings = {
				ALWAYS_SEARCH_USER_PATHS = NO;
				CLANG_ANALYZER_NONNULL = YES;
				CLANG_ANALYZER_NUMBER_OBJECT_CONVERSION = YES_AGGRESSIVE;
				CLANG_CXX_LANGUAGE_STANDARD = "gnu++14";
				CLANG_CXX_LIBRARY = "libc++";
				CLANG_ENABLE_MODULES = YES;
				CLANG_ENABLE_OBJC_ARC = YES;
				CLANG_ENABLE_OBJC_WEAK = YES;
				CLANG_WARN_BLOCK_CAPTURE_AUTORELEASING = YES;
				CLANG_WARN_BOOL_CONVERSION = YES;
				CLANG_WARN_COMMA = YES;
				CLANG_WARN_CONSTANT_CONVERSION = YES;
				CLANG_WARN_DEPRECATED_OBJC_IMPLEMENTATIONS = YES;
				CLANG_WARN_DIRECT_OBJC_ISA_USAGE = YES_ERROR;
				CLANG_WARN_DOCUMENTATION_COMMENTS = YES;
				CLANG_WARN_EMPTY_BODY = YES;
				CLANG_WARN_ENUM_CONVERSION = YES;
				CLANG_WARN_INFINITE_RECURSION = YES;
				CLANG_WARN_INT_CONVERSION = YES;
				CLANG_WARN_NON_LITERAL_NULL_CONVERSION = YES;
				CLANG_WARN_OBJC_IMPLICIT_RETAIN_SELF = YES;
				CLANG_WARN_OBJC_LITERAL_CONVERSION = YES;
				CLANG_WARN_OBJC_ROOT_CLASS = YES_ERROR;
				CLANG_WARN_RANGE_LOOP_ANALYSIS = YES;
				CLANG_WARN_STRICT_PROTOTYPES = YES;
				CLANG_WARN_SUSPICIOUS_MOVE = YES;
				CLANG_WARN_UNGUARDED_AVAILABILITY = YES_AGGRESSIVE;
				CLANG_WARN_UNREACHABLE_CODE = YES;
				CLANG_WARN__DUPLICATE_METHOD_MATCH = YES;
				CODE_SIGN_IDENTITY = "iPhone Developer";
				COPY_PHASE_STRIP = NO;
				DEBUG_INFORMATION_FORMAT = dwarf;
				ENABLE_STRICT_OBJC_MSGSEND = YES;
				ENABLE_TESTABILITY = YES;
				GCC_C_LANGUAGE_STANDARD = gnu11;
				GCC_DYNAMIC_NO_PIC = NO;
				GCC_NO_COMMON_BLOCKS = YES;
				GCC_OPTIMIZATION_LEVEL = 0;
				GCC_PREPROCESSOR_DEFINITIONS = (
					"DEBUG=1",
					"$(inherited)",
				);
				GCC_WARN_64_TO_32_BIT_CONVERSION = YES;
				GCC_WARN_ABOUT_RETURN_TYPE = YES_ERROR;
				GCC_WARN_UNDECLARED_SELECTOR = YES;
				GCC_WARN_UNINITIALIZED_AUTOS = YES_AGGRESSIVE;
				GCC_WARN_UNUSED_FUNCTION = YES;
				GCC_WARN_UNUSED_VARIABLE = YES;
				IPHONEOS_DEPLOYMENT_TARGET = 12.0;
				MTL_ENABLE_DEBUG_INFO = INCLUDE_SOURCE;
				MTL_FAST_MATH = YES;
				ONLY_ACTIVE_ARCH = YES;
				SDKROOT = iphoneos;
				SWIFT_ACTIVE_COMPILATION_CONDITIONS = DEBUG;
				SWIFT_OPTIMIZATION_LEVEL = "-Onone";
			};
			name = Debug;
		};
		A27DB44A213FD86800C285FA /* Release */ = {
			isa = XCBuildConfiguration;
			buildSettings = {
				ALWAYS_SEARCH_USER_PATHS = NO;
				CLANG_ANALYZER_NONNULL = YES;
				CLANG_ANALYZER_NUMBER_OBJECT_CONVERSION = YES_AGGRESSIVE;
				CLANG_CXX_LANGUAGE_STANDARD = "gnu++14";
				CLANG_CXX_LIBRARY = "libc++";
				CLANG_ENABLE_MODULES = YES;
				CLANG_ENABLE_OBJC_ARC = YES;
				CLANG_ENABLE_OBJC_WEAK = YES;
				CLANG_WARN_BLOCK_CAPTURE_AUTORELEASING = YES;
				CLANG_WARN_BOOL_CONVERSION = YES;
				CLANG_WARN_COMMA = YES;
				CLANG_WARN_CONSTANT_CONVERSION = YES;
				CLANG_WARN_DEPRECATED_OBJC_IMPLEMENTATIONS = YES;
				CLANG_WARN_DIRECT_OBJC_ISA_USAGE = YES_ERROR;
				CLANG_WARN_DOCUMENTATION_COMMENTS = YES;
				CLANG_WARN_EMPTY_BODY = YES;
				CLANG_WARN_ENUM_CONVERSION = YES;
				CLANG_WARN_INFINITE_RECURSION = YES;
				CLANG_WARN_INT_CONVERSION = YES;
				CLANG_WARN_NON_LITERAL_NULL_CONVERSION = YES;
				CLANG_WARN_OBJC_IMPLICIT_RETAIN_SELF = YES;
				CLANG_WARN_OBJC_LITERAL_CONVERSION = YES;
				CLANG_WARN_OBJC_ROOT_CLASS = YES_ERROR;
				CLANG_WARN_RANGE_LOOP_ANALYSIS = YES;
				CLANG_WARN_STRICT_PROTOTYPES = YES;
				CLANG_WARN_SUSPICIOUS_MOVE = YES;
				CLANG_WARN_UNGUARDED_AVAILABILITY = YES_AGGRESSIVE;
				CLANG_WARN_UNREACHABLE_CODE = YES;
				CLANG_WARN__DUPLICATE_METHOD_MATCH = YES;
				CODE_SIGN_IDENTITY = "iPhone Developer";
				COPY_PHASE_STRIP = NO;
				DEBUG_INFORMATION_FORMAT = "dwarf-with-dsym";
				ENABLE_NS_ASSERTIONS = NO;
				ENABLE_STRICT_OBJC_MSGSEND = YES;
				GCC_C_LANGUAGE_STANDARD = gnu11;
				GCC_NO_COMMON_BLOCKS = YES;
				GCC_WARN_64_TO_32_BIT_CONVERSION = YES;
				GCC_WARN_ABOUT_RETURN_TYPE = YES_ERROR;
				GCC_WARN_UNDECLARED_SELECTOR = YES;
				GCC_WARN_UNINITIALIZED_AUTOS = YES_AGGRESSIVE;
				GCC_WARN_UNUSED_FUNCTION = YES;
				GCC_WARN_UNUSED_VARIABLE = YES;
				IPHONEOS_DEPLOYMENT_TARGET = 12.0;
				MTL_ENABLE_DEBUG_INFO = NO;
				MTL_FAST_MATH = YES;
				SDKROOT = iphoneos;
				SWIFT_COMPILATION_MODE = wholemodule;
				SWIFT_OPTIMIZATION_LEVEL = "-O";
				VALIDATE_PRODUCT = YES;
			};
			name = Release;
		};
		A27DB44C213FD86800C285FA /* Debug */ = {
			isa = XCBuildConfiguration;
			buildSettings = {
				ASSETCATALOG_COMPILER_APPICON_NAME = AppIcon;
				CODE_SIGN_STYLE = Automatic;
				DEVELOPMENT_TEAM = 7T4792K37P;
				INFOPLIST_FILE = Regression/Info.plist;
				LD_RUNPATH_SEARCH_PATHS = (
					"$(inherited)",
					"@executable_path/Frameworks",
				);
				PRODUCT_BUNDLE_IDENTIFIER = net.npaka.Regression;
				PRODUCT_NAME = "$(TARGET_NAME)";
				SWIFT_VERSION = 4.2;
				TARGETED_DEVICE_FAMILY = "1,2";
			};
			name = Debug;
		};
		A27DB44D213FD86800C285FA /* Release */ = {
			isa = XCBuildConfiguration;
			buildSettings = {
				ASSETCATALOG_COMPILER_APPICON_NAME = AppIcon;
				CODE_SIGN_STYLE = Automatic;
				DEVELOPMENT_TEAM = 7T4792K37P;
				INFOPLIST_FILE = Regression/Info.plist;
				LD_RUNPATH_SEARCH_PATHS = (
					"$(inherited)",
					"@executable_path/Frameworks",
				);
				PRODUCT_BUNDLE_IDENTIFIER = net.npaka.Regression;
				PRODUCT_NAME = "$(TARGET_NAME)";
				SWIFT_VERSION = 4.2;
				TARGETED_DEVICE_FAMILY = "1,2";
			};
			name = Release;
		};
/* End XCBuildConfiguration section */

/* Begin XCConfigurationList section */
		A27DB434213FD86700C285FA /* Build configuration list for PBXProject "Regression" */ = {
			isa = XCConfigurationList;
			buildConfigurations = (
				A27DB449213FD86800C285FA /* Debug */,
				A27DB44A213FD86800C285FA /* Release */,
			);
			defaultConfigurationIsVisible = 0;
			defaultConfigurationName = Release;
		};
		A27DB44B213FD86800C285FA /* Build configuration list for PBXNativeTarget "Regression" */ = {
			isa = XCConfigurationList;
			buildConfigurations = (
				A27DB44C213FD86800C285FA /* Debug */,
				A27DB44D213FD86800C285FA /* Release */,
			);
			defaultConfigurationIsVisible = 0;
			defaultConfigurationName = Release;
		};
/* End XCConfigurationList section */
	};
	rootObject = A27DB431213FD86700C285FA /* Project object */;
}
